{
  "name": "moxo.cordova.mobile.demo",
  "version": "1.0.0",
  "lockfileVersion": 2,
  "requires": true,
  "packages": {
    "": {
      "name": "moxo.cordova.mobile.demo",
      "version": "1.0.0",
      "license": "Apache-2.0",
      "devDependencies": {
        "@moxtradeveloper/cordova-plugin-moxo": "^8.9.2-4"
      }
    },
    "node_modules/@moxtradeveloper/cordova-plugin-moxo": {
      "version": "8.9.2-4",
      "resolved": "https://registry.npmjs.org/@moxtradeveloper/cordova-plugin-moxo/-/cordova-plugin-moxo-8.9.2-4.tgz",
      "integrity": "sha512-qUqN7QzXs9cxSdIAHCQ4cTedgEkNRbH8/LLIew+I8Kq5FRRi44XW84CfzDvnLGjupaqwaVSh2QAkvMJ2AvkmyA==",
      "dev": true,
      "engines": [
        {
          "name": "cordova",
          "version": ">=3.0.0"
        }
      ]
    }
  },
  "dependencies": {
    "@moxtradeveloper/cordova-plugin-moxo": {
      "version": "8.9.2-4",
      "resolved": "https://registry.npmjs.org/@moxtradeveloper/cordova-plugin-moxo/-/cordova-plugin-moxo-8.9.2-4.tgz",
      "integrity": "sha512-qUqN7QzXs9cxSdIAHCQ4cTedgEkNRbH8/LLIew+I8Kq5FRRi44XW84CfzDvnLGjupaqwaVSh2QAkvMJ2AvkmyA==",
      "dev": true
    }
  }
}
